
Microsoft Visual Studio Solution File, Format Version 12.00
Project("{FAE04EC0-301F-11D3-BF4B-00C04F79EFBC}") = "DAL", "DAL\DAL.csproj", "{573E9C7C-7F89-4267-B056-25E6D24D64AF}"
EndProject
Project("{FAE04EC0-301F-11D3-BF4B-00C04F79EFBC}") = "API", "API\API.csproj", "{E6A66A17-AB52-4883-87B2-942295AAB3CC}"
EndProject
Project("{FAE04EC0-301F-11D3-BF4B-00C04F79EFBC}") = "GUIClient", "GUIClient\GUIClient.csproj", "{A6A171C0-57F9-46C7-BA6E-BA87ABDAB9D4}"
EndProject
Project("{FAE04EC0-301F-11D3-BF4B-00C04F79EFBC}") = "Model", "Model\Model.csproj", "{878581DB-DA56-4519-872D-964C8A37A32F}"
EndProject
Project("{FAE04EC0-301F-11D3-BF4B-00C04F79EFBC}") = "ConsoleClient", "ConsoleClient\ConsoleClient.csproj", "{0DEBC96D-A9AC-4F23-9DC1-1D38183855AE}"
EndProject
Project("{FAE04EC0-301F-11D3-BF4B-00C04F79EFBC}") = "ServerServices", "ServerServices\ServerServices.csproj", "{B659DF73-DE68-4E8F-A2C7-6C4B7C8E4960}"
EndProject
Project("{FAE04EC0-301F-11D3-BF4B-00C04F79EFBC}") = "Tools", "Tools\Tools.csproj", "{AC443A75-4679-45B0-8821-26296791F7A8}"
EndProject
Project("{FAE04EC0-301F-11D3-BF4B-00C04F79EFBC}") = "ClientServices", "ClientServices\ClientServices.csproj", "{DCC100E7-EED3-40BA-B8D7-7F6196FED21D}"
EndProject
Project("{FAE04EC0-301F-11D3-BF4B-00C04F79EFBC}") = "SharedServices", "SharedServices\SharedServices.csproj", "{4A0E8033-834D-4A91-8596-43C4C4E4376B}"
EndProject
Project("{FAE04EC0-301F-11D3-BF4B-00C04F79EFBC}") = "WebSite", "WebSite\WebSite.csproj", "{2682D460-C3EA-4074-9EDC-E8F449964F04}"
EndProject
Project("{FAE04EC0-301F-11D3-BF4B-00C04F79EFBC}") = "AvaloniaExtraControls", "AvaloniaExtraControls\AvaloniaExtraControls.csproj", "{2AB0AA46-87D0-41C4-838E-3FDD9370FA95}"
EndProject
Project("{FAE04EC0-301F-11D3-BF4B-00C04F79EFBC}") = "nessus-tools", "..\libs\NessusParser\nessus-tools\nessus-tools.csproj", "{DC1D9873-4523-4267-A840-0D8252568B2A}"
EndProject
Project("{FAE04EC0-301F-11D3-BF4B-00C04F79EFBC}") = "ReliableRestClientWrapper", "..\libs\reliable-rest-client-wrapper\ReliableRestClientWrapper\ReliableRestClientWrapper.csproj", "{DCC422AC-D5E9-407E-8A10-4D2BECB7D94B}"
EndProject
Project("{FAE04EC0-301F-11D3-BF4B-00C04F79EFBC}") = "BackgroundJobs", "BackgroundJobs\BackgroundJobs.csproj", "{9043EF9C-3C97-452F-9FCB-FAE65FE93158}"
EndProject
Project("{FAE04EC0-301F-11D3-BF4B-00C04F79EFBC}") = "Tools.Tests", "Tools.Tests\Tools.Tests.csproj", "{5F006716-04D5-4A1F-BF0A-9FC1318626AF}"
EndProject
Project("{FAE04EC0-301F-11D3-BF4B-00C04F79EFBC}") = "ServerServices.Tests", "ServerServices.Tests\ServerServices.Tests.csproj", "{02386DA3-986B-4B5F-A598-280907DDAC19}"
EndProject
Project("{FAE04EC0-301F-11D3-BF4B-00C04F79EFBC}") = "API.Tests", "API.Tests\API.Tests.csproj", "{A10ACA1E-521F-4CE7-94E9-B6D78F13C5EC}"
EndProject
Project("{FAE04EC0-301F-11D3-BF4B-00C04F79EFBC}") = "ClientServices.Tests", "ClientServices.Tests\ClientServices.Tests.csproj", "{32C831FF-8B30-4FD2-8850-8F7552D0B30D}"
EndProject
Project("{9A19103F-16F7-4668-BE54-9A1E7A4F7556}") = "build", "..\build\build.csproj", "{DB375F05-1E0E-40A5-8D84-E702FAC19C9A}"
EndProject
Project("{FAE04EC0-301F-11D3-BF4B-00C04F79EFBC}") = "Aura.UI", "..\libs\Aura.UI\src\Aura.UI\Aura.UI.csproj", "{9044F521-85E6-49E9-8C12-D730860F34A3}"
EndProject
Project("{FAE04EC0-301F-11D3-BF4B-00C04F79EFBC}") = "Aura.UI.FluentTheme", "..\libs\Aura.UI\src\Aura.UI.FluentTheme\Aura.UI.FluentTheme.csproj", "{B293D54C-BB9C-4F55-9EF3-93268F788322}"
EndProject
Project("{FAE04EC0-301F-11D3-BF4B-00C04F79EFBC}") = "Contracts", "..\libs\netrisk-plugin-sdk\Contracts\Contracts.csproj", "{AEADA5C5-76A2-43E9-9072-FF597DF82B10}"
EndProject
Global
	GlobalSection(SolutionConfigurationPlatforms) = preSolution
		Debug|Any CPU = Debug|Any CPU
		Release|Any CPU = Release|Any CPU
	EndGlobalSection
	GlobalSection(ProjectConfigurationPlatforms) = postSolution
		{DB375F05-1E0E-40A5-8D84-E702FAC19C9A}.Debug|Any CPU.ActiveCfg = Debug|Any CPU
		{DB375F05-1E0E-40A5-8D84-E702FAC19C9A}.Release|Any CPU.ActiveCfg = Release|Any CPU
		{573E9C7C-7F89-4267-B056-25E6D24D64AF}.Debug|Any CPU.ActiveCfg = Debug|Any CPU
		{573E9C7C-7F89-4267-B056-25E6D24D64AF}.Debug|Any CPU.Build.0 = Debug|Any CPU
		{573E9C7C-7F89-4267-B056-25E6D24D64AF}.Release|Any CPU.ActiveCfg = Release|Any CPU
		{573E9C7C-7F89-4267-B056-25E6D24D64AF}.Release|Any CPU.Build.0 = Release|Any CPU
		{E6A66A17-AB52-4883-87B2-942295AAB3CC}.Release|Any CPU.ActiveCfg = Release|Any CPU
		{E6A66A17-AB52-4883-87B2-942295AAB3CC}.Release|Any CPU.Build.0 = Release|Any CPU
		{E6A66A17-AB52-4883-87B2-942295AAB3CC}.Debug|Any CPU.ActiveCfg = Debug|Any CPU
		{E6A66A17-AB52-4883-87B2-942295AAB3CC}.Debug|Any CPU.Build.0 = Debug|Any CPU
		{A6A171C0-57F9-46C7-BA6E-BA87ABDAB9D4}.Debug|Any CPU.ActiveCfg = Debug|Any CPU
		{A6A171C0-57F9-46C7-BA6E-BA87ABDAB9D4}.Debug|Any CPU.Build.0 = Debug|Any CPU
		{A6A171C0-57F9-46C7-BA6E-BA87ABDAB9D4}.Release|Any CPU.ActiveCfg = Release|Any CPU
		{A6A171C0-57F9-46C7-BA6E-BA87ABDAB9D4}.Release|Any CPU.Build.0 = Release|Any CPU
		{878581DB-DA56-4519-872D-964C8A37A32F}.Debug|Any CPU.ActiveCfg = Debug|Any CPU
		{878581DB-DA56-4519-872D-964C8A37A32F}.Debug|Any CPU.Build.0 = Debug|Any CPU
		{878581DB-DA56-4519-872D-964C8A37A32F}.Release|Any CPU.ActiveCfg = Release|Any CPU
		{878581DB-DA56-4519-872D-964C8A37A32F}.Release|Any CPU.Build.0 = Release|Any CPU
		{0DEBC96D-A9AC-4F23-9DC1-1D38183855AE}.Debug|Any CPU.ActiveCfg = Debug|Any CPU
		{0DEBC96D-A9AC-4F23-9DC1-1D38183855AE}.Debug|Any CPU.Build.0 = Debug|Any CPU
		{0DEBC96D-A9AC-4F23-9DC1-1D38183855AE}.Release|Any CPU.ActiveCfg = Release|Any CPU
		{0DEBC96D-A9AC-4F23-9DC1-1D38183855AE}.Release|Any CPU.Build.0 = Release|Any CPU
		{B659DF73-DE68-4E8F-A2C7-6C4B7C8E4960}.Debug|Any CPU.ActiveCfg = Debug|Any CPU
		{B659DF73-DE68-4E8F-A2C7-6C4B7C8E4960}.Debug|Any CPU.Build.0 = Debug|Any CPU
		{B659DF73-DE68-4E8F-A2C7-6C4B7C8E4960}.Release|Any CPU.ActiveCfg = Release|Any CPU
		{B659DF73-DE68-4E8F-A2C7-6C4B7C8E4960}.Release|Any CPU.Build.0 = Release|Any CPU
		{AC443A75-4679-45B0-8821-26296791F7A8}.Debug|Any CPU.ActiveCfg = Debug|Any CPU
		{AC443A75-4679-45B0-8821-26296791F7A8}.Debug|Any CPU.Build.0 = Debug|Any CPU
		{AC443A75-4679-45B0-8821-26296791F7A8}.Release|Any CPU.ActiveCfg = Release|Any CPU
		{AC443A75-4679-45B0-8821-26296791F7A8}.Release|Any CPU.Build.0 = Release|Any CPU
		{DCC100E7-EED3-40BA-B8D7-7F6196FED21D}.Debug|Any CPU.ActiveCfg = Debug|Any CPU
		{DCC100E7-EED3-40BA-B8D7-7F6196FED21D}.Debug|Any CPU.Build.0 = Debug|Any CPU
		{DCC100E7-EED3-40BA-B8D7-7F6196FED21D}.Release|Any CPU.ActiveCfg = Release|Any CPU
		{DCC100E7-EED3-40BA-B8D7-7F6196FED21D}.Release|Any CPU.Build.0 = Release|Any CPU
		{4A0E8033-834D-4A91-8596-43C4C4E4376B}.Debug|Any CPU.ActiveCfg = Debug|Any CPU
		{4A0E8033-834D-4A91-8596-43C4C4E4376B}.Debug|Any CPU.Build.0 = Debug|Any CPU
		{4A0E8033-834D-4A91-8596-43C4C4E4376B}.Release|Any CPU.ActiveCfg = Release|Any CPU
		{4A0E8033-834D-4A91-8596-43C4C4E4376B}.Release|Any CPU.Build.0 = Release|Any CPU
		{2682D460-C3EA-4074-9EDC-E8F449964F04}.Debug|Any CPU.ActiveCfg = Debug|Any CPU
		{2682D460-C3EA-4074-9EDC-E8F449964F04}.Debug|Any CPU.Build.0 = Debug|Any CPU
		{2682D460-C3EA-4074-9EDC-E8F449964F04}.Release|Any CPU.ActiveCfg = Release|Any CPU
		{2682D460-C3EA-4074-9EDC-E8F449964F04}.Release|Any CPU.Build.0 = Release|Any CPU
		{2AB0AA46-87D0-41C4-838E-3FDD9370FA95}.Debug|Any CPU.ActiveCfg = Debug|Any CPU
		{2AB0AA46-87D0-41C4-838E-3FDD9370FA95}.Debug|Any CPU.Build.0 = Debug|Any CPU
		{2AB0AA46-87D0-41C4-838E-3FDD9370FA95}.Release|Any CPU.ActiveCfg = Release|Any CPU
		{2AB0AA46-87D0-41C4-838E-3FDD9370FA95}.Release|Any CPU.Build.0 = Release|Any CPU
		{DC1D9873-4523-4267-A840-0D8252568B2A}.Debug|Any CPU.ActiveCfg = Debug|Any CPU
		{DC1D9873-4523-4267-A840-0D8252568B2A}.Debug|Any CPU.Build.0 = Debug|Any CPU
		{DC1D9873-4523-4267-A840-0D8252568B2A}.Release|Any CPU.ActiveCfg = Release|Any CPU
		{DC1D9873-4523-4267-A840-0D8252568B2A}.Release|Any CPU.Build.0 = Release|Any CPU
		{DCC422AC-D5E9-407E-8A10-4D2BECB7D94B}.Debug|Any CPU.ActiveCfg = Debug|Any CPU
		{DCC422AC-D5E9-407E-8A10-4D2BECB7D94B}.Debug|Any CPU.Build.0 = Debug|Any CPU
		{DCC422AC-D5E9-407E-8A10-4D2BECB7D94B}.Release|Any CPU.ActiveCfg = Release|Any CPU
		{DCC422AC-D5E9-407E-8A10-4D2BECB7D94B}.Release|Any CPU.Build.0 = Release|Any CPU
		{9043EF9C-3C97-452F-9FCB-FAE65FE93158}.Debug|Any CPU.ActiveCfg = Debug|Any CPU
		{9043EF9C-3C97-452F-9FCB-FAE65FE93158}.Debug|Any CPU.Build.0 = Debug|Any CPU
		{9043EF9C-3C97-452F-9FCB-FAE65FE93158}.Release|Any CPU.ActiveCfg = Release|Any CPU
		{9043EF9C-3C97-452F-9FCB-FAE65FE93158}.Release|Any CPU.Build.0 = Release|Any CPU
		{5F006716-04D5-4A1F-BF0A-9FC1318626AF}.Debug|Any CPU.ActiveCfg = Debug|Any CPU
		{5F006716-04D5-4A1F-BF0A-9FC1318626AF}.Debug|Any CPU.Build.0 = Debug|Any CPU
		{5F006716-04D5-4A1F-BF0A-9FC1318626AF}.Release|Any CPU.ActiveCfg = Release|Any CPU
		{5F006716-04D5-4A1F-BF0A-9FC1318626AF}.Release|Any CPU.Build.0 = Release|Any CPU
		{02386DA3-986B-4B5F-A598-280907DDAC19}.Debug|Any CPU.ActiveCfg = Debug|Any CPU
		{02386DA3-986B-4B5F-A598-280907DDAC19}.Debug|Any CPU.Build.0 = Debug|Any CPU
		{02386DA3-986B-4B5F-A598-280907DDAC19}.Release|Any CPU.ActiveCfg = Release|Any CPU
		{02386DA3-986B-4B5F-A598-280907DDAC19}.Release|Any CPU.Build.0 = Release|Any CPU
		{A10ACA1E-521F-4CE7-94E9-B6D78F13C5EC}.Debug|Any CPU.ActiveCfg = Debug|Any CPU
		{A10ACA1E-521F-4CE7-94E9-B6D78F13C5EC}.Debug|Any CPU.Build.0 = Debug|Any CPU
		{A10ACA1E-521F-4CE7-94E9-B6D78F13C5EC}.Release|Any CPU.ActiveCfg = Release|Any CPU
		{A10ACA1E-521F-4CE7-94E9-B6D78F13C5EC}.Release|Any CPU.Build.0 = Release|Any CPU
		{32C831FF-8B30-4FD2-8850-8F7552D0B30D}.Debug|Any CPU.ActiveCfg = Debug|Any CPU
		{32C831FF-8B30-4FD2-8850-8F7552D0B30D}.Debug|Any CPU.Build.0 = Debug|Any CPU
		{32C831FF-8B30-4FD2-8850-8F7552D0B30D}.Release|Any CPU.ActiveCfg = Release|Any CPU
		{32C831FF-8B30-4FD2-8850-8F7552D0B30D}.Release|Any CPU.Build.0 = Release|Any CPU
		{9044F521-85E6-49E9-8C12-D730860F34A3}.Debug|Any CPU.ActiveCfg = Debug|Any CPU
		{9044F521-85E6-49E9-8C12-D730860F34A3}.Debug|Any CPU.Build.0 = Debug|Any CPU
		{9044F521-85E6-49E9-8C12-D730860F34A3}.Release|Any CPU.ActiveCfg = Release|Any CPU
		{9044F521-85E6-49E9-8C12-D730860F34A3}.Release|Any CPU.Build.0 = Release|Any CPU
		{B293D54C-BB9C-4F55-9EF3-93268F788322}.Debug|Any CPU.ActiveCfg = Debug|Any CPU
		{B293D54C-BB9C-4F55-9EF3-93268F788322}.Debug|Any CPU.Build.0 = Debug|Any CPU
		{B293D54C-BB9C-4F55-9EF3-93268F788322}.Release|Any CPU.ActiveCfg = Release|Any CPU
		{B293D54C-BB9C-4F55-9EF3-93268F788322}.Release|Any CPU.Build.0 = Release|Any CPU
		{AEADA5C5-76A2-43E9-9072-FF597DF82B10}.Debug|Any CPU.ActiveCfg = Debug|Any CPU
		{AEADA5C5-76A2-43E9-9072-FF597DF82B10}.Debug|Any CPU.Build.0 = Debug|Any CPU
		{AEADA5C5-76A2-43E9-9072-FF597DF82B10}.Release|Any CPU.ActiveCfg = Release|Any CPU
		{AEADA5C5-76A2-43E9-9072-FF597DF82B10}.Release|Any CPU.Build.0 = Release|Any CPU
	EndGlobalSection
EndGlobal
